
Microsoft Visual Studio Solution File, Format Version 12.00
# Visual Studio Version 16
VisualStudioVersion = 16.0.30804.86
MinimumVisualStudioVersion = 10.0.40219.1
Project("{9A19103F-16F7-4668-BE54-9A1E7A4F7556}") = "DataAccess", "DataAccess\DataAccess.csproj", "{C43EC4B9-A01D-416B-9388-EDBA198B2726}"
EndProject
Project("{9A19103F-16F7-4668-BE54-9A1E7A4F7556}") = "Business", "Business\Business.csproj", "{0131F34C-46AA-4962-B1B4-51CF5A47724B}"
EndProject
Project("{9A19103F-16F7-4668-BE54-9A1E7A4F7556}") = "Entities", "Entities\Entities.csproj", "{35D3C1A4-F8AE-4135-B358-B945F7332C18}"
EndProject
Project("{9A19103F-16F7-4668-BE54-9A1E7A4F7556}") = "ConsoleUI", "ConsoleUI\ConsoleUI.csproj", "{918F0FB2-C71D-467E-964F-17FFD40ADC60}"
EndProject
Project("{9A19103F-16F7-4668-BE54-9A1E7A4F7556}") = "Core", "Core\Core.csproj", "{919AE366-C0EF-49D5-98C1-199A5CBE1668}"
EndProject
Project("{FAE04EC0-301F-11D3-BF4B-00C04F79EFBC}") = "WebAPI", "WebAPI\WebAPI.csproj", "{42CF8A73-B86B-47D7-B5BF-8851A9F81836}"
EndProject
Global
	GlobalSection(SolutionConfigurationPlatforms) = preSolution
		Debug|Any CPU = Debug|Any CPU
		Release|Any CPU = Release|Any CPU
	EndGlobalSection
	GlobalSection(ProjectConfigurationPlatforms) = postSolution
		{C43EC4B9-A01D-416B-9388-EDBA198B2726}.Debug|Any CPU.ActiveCfg = Debug|Any CPU
		{C43EC4B9-A01D-416B-9388-EDBA198B2726}.Debug|Any CPU.Build.0 = Debug|Any CPU
		{C43EC4B9-A01D-416B-9388-EDBA198B2726}.Release|Any CPU.ActiveCfg = Release|Any CPU
		{C43EC4B9-A01D-416B-9388-EDBA198B2726}.Release|Any CPU.Build.0 = Release|Any CPU
		{0131F34C-46AA-4962-B1B4-51CF5A47724B}.Debug|Any CPU.ActiveCfg = Debug|Any CPU
		{0131F34C-46AA-4962-B1B4-51CF5A47724B}.Debug|Any CPU.Build.0 = Debug|Any CPU
		{0131F34C-46AA-4962-B1B4-51CF5A47724B}.Release|Any CPU.ActiveCfg = Release|Any CPU
		{0131F34C-46AA-4962-B1B4-51CF5A47724B}.Release|Any CPU.Build.0 = Release|Any CPU
		{35D3C1A4-F8AE-4135-B358-B945F7332C18}.Debug|Any CPU.ActiveCfg = Debug|Any CPU
		{35D3C1A4-F8AE-4135-B358-B945F7332C18}.Debug|Any CPU.Build.0 = Debug|Any CPU
		{35D3C1A4-F8AE-4135-B358-B945F7332C18}.Release|Any CPU.ActiveCfg = Release|Any CPU
		{35D3C1A4-F8AE-4135-B358-B945F7332C18}.Release|Any CPU.Build.0 = Release|Any CPU
		{918F0FB2-C71D-467E-964F-17FFD40ADC60}.Debug|Any CPU.ActiveCfg = Debug|Any CPU
		{918F0FB2-C71D-467E-964F-17FFD40ADC60}.Debug|Any CPU.Build.0 = Debug|Any CPU
		{918F0FB2-C71D-467E-964F-17FFD40ADC60}.Release|Any CPU.ActiveCfg = Release|Any CPU
		{918F0FB2-C71D-467E-964F-17FFD40ADC60}.Release|Any CPU.Build.0 = Release|Any CPU
		{919AE366-C0EF-49D5-98C1-199A5CBE1668}.Debug|Any CPU.ActiveCfg = Debug|Any CPU
		{919AE366-C0EF-49D5-98C1-199A5CBE1668}.Debug|Any CPU.Build.0 = Debug|Any CPU
		{919AE366-C0EF-49D5-98C1-199A5CBE1668}.Release|Any CPU.ActiveCfg = Release|Any CPU
		{919AE366-C0EF-49D5-98C1-199A5CBE1668}.Release|Any CPU.Build.0 = Release|Any CPU
		{42CF8A73-B86B-47D7-B5BF-8851A9F81836}.Debug|Any CPU.ActiveCfg = Debug|Any CPU
		{42CF8A73-B86B-47D7-B5BF-8851A9F81836}.Debug|Any CPU.Build.0 = Debug|Any CPU
		{42CF8A73-B86B-47D7-B5BF-8851A9F81836}.Release|Any CPU.ActiveCfg = Release|Any CPU
		{42CF8A73-B86B-47D7-B5BF-8851A9F81836}.Release|Any CPU.Build.0 = Release|Any CPU
	EndGlobalSection
	GlobalSection(SolutionProperties) = preSolution
		HideSolutionNode = FALSE
	EndGlobalSection
	GlobalSection(ExtensibilityGlobals) = postSolution
		SolutionGuid = {D270B0AC-C487-4E7E-AECF-0BD6FF2CA65F}
	EndGlobalSection
EndGlobal
